
Microsoft Visual Studio Solution File, Format Version 12.00
# Visual Studio Version 16
VisualStudioVersion = 16.0.33214.272
MinimumVisualStudioVersion = 10.0.40219.1
Project("{FAE04EC0-301F-11D3-BF4B-00C04F79EFBC}") = "Lab01", "Lab01\Lab01.csproj", "{DF8378D8-33D8-4580-982B-A2257345269F}"
EndProject
Global
	GlobalSection(SolutionConfigurationPlatforms) = preSolution
		Debug|Any CPU = Debug|Any CPU
		Release|Any CPU = Release|Any CPU
	EndGlobalSection
	GlobalSection(ProjectConfigurationPlatforms) = postSolution
		{DF8378D8-33D8-4580-982B-A2257345269F}.Debug|Any CPU.ActiveCfg = Debug|Any CPU
		{DF8378D8-33D8-4580-982B-A2257345269F}.Debug|Any CPU.Build.0 = Debug|Any CPU
		{DF8378D8-33D8-4580-982B-A2257345269F}.Release|Any CPU.ActiveCfg = Release|Any CPU
		{DF8378D8-33D8-4580-982B-A2257345269F}.Release|Any CPU.Build.0 = Release|Any CPU
	EndGlobalSection
	GlobalSection(SolutionProperties) = preSolution
		HideSolutionNode = FALSE
	EndGlobalSection
	GlobalSection(ExtensibilityGlobals) = postSolution
		SolutionGuid = {540FDF38-D8FE-4E82-95AD-1F451FAD5A44}
	EndGlobalSection
EndGlobal
